
Microsoft Visual Studio Solution File, Format Version 12.00
# Visual Studio Version 16
VisualStudioVersion = 16.0.30413.136
MinimumVisualStudioVersion = 10.0.40219.1
Project("{FAE04EC0-301F-11D3-BF4B-00C04F79EFBC}") = "Cola", "Cola.csproj", "{1AA6A89D-5E3B-4768-9162-85BAE690553D}"
EndProject
Global
	GlobalSection(SolutionConfigurationPlatforms) = preSolution
		Debug|Any CPU = Debug|Any CPU
		Release|Any CPU = Release|Any CPU
	EndGlobalSection
	GlobalSection(ProjectConfigurationPlatforms) = postSolution
		{1AA6A89D-5E3B-4768-9162-85BAE690553D}.Debug|Any CPU.ActiveCfg = Debug|Any CPU
		{1AA6A89D-5E3B-4768-9162-85BAE690553D}.Debug|Any CPU.Build.0 = Debug|Any CPU
		{1AA6A89D-5E3B-4768-9162-85BAE690553D}.Release|Any CPU.ActiveCfg = Release|Any CPU
		{1AA6A89D-5E3B-4768-9162-85BAE690553D}.Release|Any CPU.Build.0 = Release|Any CPU
	EndGlobalSection
	GlobalSection(SolutionProperties) = preSolution
		HideSolutionNode = FALSE
	EndGlobalSection
	GlobalSection(ExtensibilityGlobals) = postSolution
		SolutionGuid = {51DE9DDC-EB0A-40F9-B9B0-D26307A9AD3D}
	EndGlobalSection
EndGlobal
